{
  "name": "introduction-to-node.js-and-package-manager",
  "version": "1.0.0",
  "lockfileVersion": 3,
  "requires": true,
  "packages": {
    "": {
      "name": "introduction-to-node.js-and-package-manager",
      "version": "1.0.0",
      "license": "ISC",
      "dependencies": {
        "node": "^19.2.0",
        "underscore": "^1.13.6"
      }
    },
    "node_modules/node": {
      "version": "19.2.0",
      "resolved": "https://registry.npmjs.org/node/-/node-19.2.0.tgz",
      "integrity": "sha512-ETicZqrcApHCufk8L7HCO6eUe6HmZFN3YmAklYdETyp8Gi10UZGFvVJ/AvihE9i5CueXsebEP/7DgFKjohHXHw==",
      "hasInstallScript": true,
      "dependencies": {
        "node-bin-setup": "^1.0.0"
      },
      "bin": {
        "node": "bin/node"
      },
      "engines": {
        "npm": ">=5.0.0"
      }
    },
    "node_modules/node-bin-setup": {
      "version": "1.1.3",
      "resolved": "https://registry.npmjs.org/node-bin-setup/-/node-bin-setup-1.1.3.tgz",
      "integrity": "sha512-opgw9iSCAzT2+6wJOETCpeRYAQxSopqQ2z+N6BXwIMsQQ7Zj5M8MaafQY8JMlolRR6R1UXg2WmhKp0p9lSOivg=="
    },
    "node_modules/underscore": {
      "version": "1.13.6",
      "resolved": "https://registry.npmjs.org/underscore/-/underscore-1.13.6.tgz",
      "integrity": "sha512-+A5Sja4HP1M08MaXya7p5LvjuM7K6q/2EaC0+iovj/wOcMsTzMvDFbasi/oSapiwOlt252IqsKqPjCl7huKS0A=="
    }
  }
}
